
Microsoft Visual Studio Solution File, Format Version 12.00
# Visual Studio Version 16
VisualStudioVersion = 16.0.29318.209
MinimumVisualStudioVersion = 10.0.40219.1
Project("{FAE04EC0-301F-11D3-BF4B-00C04F79EFBC}") = "IncomeTaxTest", "IncomeTaxTest\IncomeTaxTest.csproj", "{720063B3-90F9-4F39-A19E-443388482E93}"
EndProject
Project("{FAE04EC0-301F-11D3-BF4B-00C04F79EFBC}") = "IncomeTax.Data", "IncomeTax.Data\IncomeTax.Data.csproj", "{EFC52D86-ACE1-421F-8149-0578474C835B}"
EndProject
Project("{FAE04EC0-301F-11D3-BF4B-00C04F79EFBC}") = "IncomeTax.Data.Test", "IncomeTax.Data.Test\IncomeTax.Data.Test.csproj", "{E27473CE-6C56-41FC-BDBC-8342847C6D5E}"
EndProject
Project("{2150E333-8FDC-42A3-9474-1A3956D46DE8}") = "Tests", "Tests", "{4D7306CC-8E15-41D5-A399-F446101250D0}"
EndProject
Project("{FAE04EC0-301F-11D3-BF4B-00C04F79EFBC}") = "IncomeTax.Core", "IncomeTax.Core\IncomeTax.Core.csproj", "{96B672BC-1C84-4D30-BCD9-7B653918DB3A}"
EndProject
Project("{9A19103F-16F7-4668-BE54-9A1E7A4F7556}") = "Logger", "Logger\Logger.csproj", "{7CB8C650-B260-4CAA-9DFB-8A3446089BE9}"
EndProject
Project("{FAE04EC0-301F-11D3-BF4B-00C04F79EFBC}") = "IncomeTax.UI", "TempProj\IncomeTax.UI.csproj", "{3EA15CE8-D56C-457E-9C2E-A78C5E7948BC}"
EndProject
Global
	GlobalSection(SolutionConfigurationPlatforms) = preSolution
		Debug|Any CPU = Debug|Any CPU
		Debug|x64 = Debug|x64
		Release|Any CPU = Release|Any CPU
		Release|x64 = Release|x64
	EndGlobalSection
	GlobalSection(ProjectConfigurationPlatforms) = postSolution
		{720063B3-90F9-4F39-A19E-443388482E93}.Debug|Any CPU.ActiveCfg = Debug|Any CPU
		{720063B3-90F9-4F39-A19E-443388482E93}.Debug|Any CPU.Build.0 = Debug|Any CPU
		{720063B3-90F9-4F39-A19E-443388482E93}.Debug|x64.ActiveCfg = Debug|x64
		{720063B3-90F9-4F39-A19E-443388482E93}.Debug|x64.Build.0 = Debug|x64
		{720063B3-90F9-4F39-A19E-443388482E93}.Release|Any CPU.ActiveCfg = Release|Any CPU
		{720063B3-90F9-4F39-A19E-443388482E93}.Release|Any CPU.Build.0 = Release|Any CPU
		{720063B3-90F9-4F39-A19E-443388482E93}.Release|x64.ActiveCfg = Release|x64
		{720063B3-90F9-4F39-A19E-443388482E93}.Release|x64.Build.0 = Release|x64
		{EFC52D86-ACE1-421F-8149-0578474C835B}.Debug|Any CPU.ActiveCfg = Debug|Any CPU
		{EFC52D86-ACE1-421F-8149-0578474C835B}.Debug|Any CPU.Build.0 = Debug|Any CPU
		{EFC52D86-ACE1-421F-8149-0578474C835B}.Debug|x64.ActiveCfg = Debug|x64
		{EFC52D86-ACE1-421F-8149-0578474C835B}.Debug|x64.Build.0 = Debug|x64
		{EFC52D86-ACE1-421F-8149-0578474C835B}.Release|Any CPU.ActiveCfg = Release|Any CPU
		{EFC52D86-ACE1-421F-8149-0578474C835B}.Release|Any CPU.Build.0 = Release|Any CPU
		{EFC52D86-ACE1-421F-8149-0578474C835B}.Release|x64.ActiveCfg = Release|x64
		{EFC52D86-ACE1-421F-8149-0578474C835B}.Release|x64.Build.0 = Release|x64
		{E27473CE-6C56-41FC-BDBC-8342847C6D5E}.Debug|Any CPU.ActiveCfg = Debug|Any CPU
		{E27473CE-6C56-41FC-BDBC-8342847C6D5E}.Debug|Any CPU.Build.0 = Debug|Any CPU
		{E27473CE-6C56-41FC-BDBC-8342847C6D5E}.Debug|x64.ActiveCfg = Debug|x64
		{E27473CE-6C56-41FC-BDBC-8342847C6D5E}.Debug|x64.Build.0 = Debug|x64
		{E27473CE-6C56-41FC-BDBC-8342847C6D5E}.Release|Any CPU.ActiveCfg = Release|Any CPU
		{E27473CE-6C56-41FC-BDBC-8342847C6D5E}.Release|Any CPU.Build.0 = Release|Any CPU
		{E27473CE-6C56-41FC-BDBC-8342847C6D5E}.Release|x64.ActiveCfg = Release|x64
		{E27473CE-6C56-41FC-BDBC-8342847C6D5E}.Release|x64.Build.0 = Release|x64
		{96B672BC-1C84-4D30-BCD9-7B653918DB3A}.Debug|Any CPU.ActiveCfg = Debug|Any CPU
		{96B672BC-1C84-4D30-BCD9-7B653918DB3A}.Debug|Any CPU.Build.0 = Debug|Any CPU
		{96B672BC-1C84-4D30-BCD9-7B653918DB3A}.Debug|x64.ActiveCfg = Debug|x64
		{96B672BC-1C84-4D30-BCD9-7B653918DB3A}.Debug|x64.Build.0 = Debug|x64
		{96B672BC-1C84-4D30-BCD9-7B653918DB3A}.Release|Any CPU.ActiveCfg = Release|Any CPU
		{96B672BC-1C84-4D30-BCD9-7B653918DB3A}.Release|Any CPU.Build.0 = Release|Any CPU
		{96B672BC-1C84-4D30-BCD9-7B653918DB3A}.Release|x64.ActiveCfg = Release|x64
		{96B672BC-1C84-4D30-BCD9-7B653918DB3A}.Release|x64.Build.0 = Release|x64
		{7CB8C650-B260-4CAA-9DFB-8A3446089BE9}.Debug|Any CPU.ActiveCfg = Debug|Any CPU
		{7CB8C650-B260-4CAA-9DFB-8A3446089BE9}.Debug|Any CPU.Build.0 = Debug|Any CPU
		{7CB8C650-B260-4CAA-9DFB-8A3446089BE9}.Debug|x64.ActiveCfg = Debug|x64
		{7CB8C650-B260-4CAA-9DFB-8A3446089BE9}.Debug|x64.Build.0 = Debug|x64
		{7CB8C650-B260-4CAA-9DFB-8A3446089BE9}.Release|Any CPU.ActiveCfg = Release|Any CPU
		{7CB8C650-B260-4CAA-9DFB-8A3446089BE9}.Release|Any CPU.Build.0 = Release|Any CPU
		{7CB8C650-B260-4CAA-9DFB-8A3446089BE9}.Release|x64.ActiveCfg = Release|x64
		{7CB8C650-B260-4CAA-9DFB-8A3446089BE9}.Release|x64.Build.0 = Release|x64
		{3EA15CE8-D56C-457E-9C2E-A78C5E7948BC}.Debug|Any CPU.ActiveCfg = Debug|Any CPU
		{3EA15CE8-D56C-457E-9C2E-A78C5E7948BC}.Debug|Any CPU.Build.0 = Debug|Any CPU
		{3EA15CE8-D56C-457E-9C2E-A78C5E7948BC}.Debug|x64.ActiveCfg = Debug|Any CPU
		{3EA15CE8-D56C-457E-9C2E-A78C5E7948BC}.Debug|x64.Build.0 = Debug|Any CPU
		{3EA15CE8-D56C-457E-9C2E-A78C5E7948BC}.Release|Any CPU.ActiveCfg = Release|Any CPU
		{3EA15CE8-D56C-457E-9C2E-A78C5E7948BC}.Release|Any CPU.Build.0 = Release|Any CPU
		{3EA15CE8-D56C-457E-9C2E-A78C5E7948BC}.Release|x64.ActiveCfg = Release|Any CPU
		{3EA15CE8-D56C-457E-9C2E-A78C5E7948BC}.Release|x64.Build.0 = Release|Any CPU
	EndGlobalSection
	GlobalSection(SolutionProperties) = preSolution
		HideSolutionNode = FALSE
	EndGlobalSection
	GlobalSection(NestedProjects) = preSolution
		{720063B3-90F9-4F39-A19E-443388482E93} = {4D7306CC-8E15-41D5-A399-F446101250D0}
		{E27473CE-6C56-41FC-BDBC-8342847C6D5E} = {4D7306CC-8E15-41D5-A399-F446101250D0}
	EndGlobalSection
	GlobalSection(ExtensibilityGlobals) = postSolution
		SolutionGuid = {3D75F7D2-119B-4AB8-88B2-5CB238D4F7B9}
	EndGlobalSection
EndGlobal
